
Microsoft Visual Studio Solution File, Format Version 12.00
# Visual Studio Version 16
VisualStudioVersion = 16.0.30011.22
MinimumVisualStudioVersion = 10.0.40219.1
Project("{FAE04EC0-301F-11D3-BF4B-00C04F79EFBC}") = "Nyhetsbrev", "Nyhetsbrev\Nyhetsbrev.csproj", "{99C78E23-6737-48AF-9B6C-E244A3500DE1}"
EndProject
Project("{FAE04EC0-301F-11D3-BF4B-00C04F79EFBC}") = "NewsletterX.Core", "NewsletterX.Core\NewsletterX.Core.csproj", "{9144E7C4-A9F5-427F-8F4D-D9652B8747A3}"
EndProject
Project("{2150E333-8FDC-42A3-9474-1A3956D46DE8}") = "50 Core", "50 Core", "{86CCB972-95B9-4AE4-B9F2-3E2D1E234E48}"
EndProject
Project("{FAE04EC0-301F-11D3-BF4B-00C04F79EFBC}") = "NewsletterX.UnitTest", "NewsletterX.UnitTest\NewsletterX.UnitTest.csproj", "{F07715EF-63A7-4D13-A636-F297C4AEE105}"
EndProject
Project("{2150E333-8FDC-42A3-9474-1A3956D46DE8}") = "90 Test", "90 Test", "{AC1DD679-8BB5-4A5B-B1C1-9012686C6B85}"
EndProject
Project("{2150E333-8FDC-42A3-9474-1A3956D46DE8}") = "10 Infrastructure", "10 Infrastructure", "{D4EEA03B-0AEC-4ABA-8402-157E07AF28D8}"
EndProject
Project("{FAE04EC0-301F-11D3-BF4B-00C04F79EFBC}") = "NewsletterX.Infrastructure.API", "NewsletterX.Infrastructure.API\NewsletterX.Infrastructure.API.csproj", "{3FDBBF8E-68E3-4F68-98B9-3137A210CE7B}"
EndProject
Global
	GlobalSection(SolutionConfigurationPlatforms) = preSolution
		Debug|Any CPU = Debug|Any CPU
		Release|Any CPU = Release|Any CPU
	EndGlobalSection
	GlobalSection(ProjectConfigurationPlatforms) = postSolution
		{99C78E23-6737-48AF-9B6C-E244A3500DE1}.Debug|Any CPU.ActiveCfg = Debug|Any CPU
		{99C78E23-6737-48AF-9B6C-E244A3500DE1}.Debug|Any CPU.Build.0 = Debug|Any CPU
		{99C78E23-6737-48AF-9B6C-E244A3500DE1}.Release|Any CPU.ActiveCfg = Release|Any CPU
		{99C78E23-6737-48AF-9B6C-E244A3500DE1}.Release|Any CPU.Build.0 = Release|Any CPU
		{9144E7C4-A9F5-427F-8F4D-D9652B8747A3}.Debug|Any CPU.ActiveCfg = Debug|Any CPU
		{9144E7C4-A9F5-427F-8F4D-D9652B8747A3}.Debug|Any CPU.Build.0 = Debug|Any CPU
		{9144E7C4-A9F5-427F-8F4D-D9652B8747A3}.Release|Any CPU.ActiveCfg = Release|Any CPU
		{9144E7C4-A9F5-427F-8F4D-D9652B8747A3}.Release|Any CPU.Build.0 = Release|Any CPU
		{F07715EF-63A7-4D13-A636-F297C4AEE105}.Debug|Any CPU.ActiveCfg = Debug|Any CPU
		{F07715EF-63A7-4D13-A636-F297C4AEE105}.Debug|Any CPU.Build.0 = Debug|Any CPU
		{F07715EF-63A7-4D13-A636-F297C4AEE105}.Release|Any CPU.ActiveCfg = Release|Any CPU
		{F07715EF-63A7-4D13-A636-F297C4AEE105}.Release|Any CPU.Build.0 = Release|Any CPU
		{3FDBBF8E-68E3-4F68-98B9-3137A210CE7B}.Debug|Any CPU.ActiveCfg = Debug|Any CPU
		{3FDBBF8E-68E3-4F68-98B9-3137A210CE7B}.Debug|Any CPU.Build.0 = Debug|Any CPU
		{3FDBBF8E-68E3-4F68-98B9-3137A210CE7B}.Release|Any CPU.ActiveCfg = Release|Any CPU
		{3FDBBF8E-68E3-4F68-98B9-3137A210CE7B}.Release|Any CPU.Build.0 = Release|Any CPU
	EndGlobalSection
	GlobalSection(SolutionProperties) = preSolution
		HideSolutionNode = FALSE
	EndGlobalSection
	GlobalSection(NestedProjects) = preSolution
		{9144E7C4-A9F5-427F-8F4D-D9652B8747A3} = {86CCB972-95B9-4AE4-B9F2-3E2D1E234E48}
		{F07715EF-63A7-4D13-A636-F297C4AEE105} = {AC1DD679-8BB5-4A5B-B1C1-9012686C6B85}
		{3FDBBF8E-68E3-4F68-98B9-3137A210CE7B} = {D4EEA03B-0AEC-4ABA-8402-157E07AF28D8}
	EndGlobalSection
	GlobalSection(ExtensibilityGlobals) = postSolution
		SolutionGuid = {95F20116-87FA-4DAE-AC9F-CF3E3D71D8A4}
	EndGlobalSection
EndGlobal
